
Microsoft Visual Studio Solution File, Format Version 12.00
# Visual Studio Version 17
VisualStudioVersion = 17.0.31903.59
MinimumVisualStudioVersion = 10.0.40219.1
Project("{FAE04EC0-301F-11D3-BF4B-00C04F79EFBC}") = "B44.Standards", "B44.Standards\B44.Standards.csproj", "{AFB5D3F9-64ED-43BC-A22C-19743B0F48B4}"
EndProject
Project("{FAE04EC0-301F-11D3-BF4B-00C04F79EFBC}") = "B44.Standards.AgentGuidance.Tests", "B44.Standards.AgentGuidance.Tests\B44.Standards.AgentGuidance.Tests.csproj", "{9572E9DC-9729-4225-9B6B-63E3A778DDED}"
EndProject
Project("{FAE04EC0-301F-11D3-BF4B-00C04F79EFBC}") = "B44.Standards.Ratchet.Tests", "B44.Standards.Ratchet.Tests\B44.Standards.Ratchet.Tests.csproj", "{936282FE-A61F-4255-8DD1-688793F449CA}"
EndProject
Project("{2150E333-8FDC-42A3-9474-1A3956D46DE8}") = "templates", "templates", "{808186BE-9BD0-DD1D-D574-36EEAD1E7F8F}"
EndProject
Project("{FAE04EC0-301F-11D3-BF4B-00C04F79EFBC}") = "B44.Templates", "templates\B44.Templates\B44.Templates.csproj", "{36B0B338-87F4-4E7F-88F8-F7CB72FF746F}"
EndProject
Project("{FAE04EC0-301F-11D3-BF4B-00C04F79EFBC}") = "B44.Standards.Guardrails.Tests", "B44.Standards.Guardrails.Tests\B44.Standards.Guardrails.Tests.csproj", "{32447355-9A0E-402F-AE38-962DB3A40CCE}"
EndProject
Global
	GlobalSection(SolutionConfigurationPlatforms) = preSolution
		Debug|Any CPU = Debug|Any CPU
		Debug|x64 = Debug|x64
		Debug|x86 = Debug|x86
		Release|Any CPU = Release|Any CPU
		Release|x64 = Release|x64
		Release|x86 = Release|x86
	EndGlobalSection
	GlobalSection(ProjectConfigurationPlatforms) = postSolution
		{AFB5D3F9-64ED-43BC-A22C-19743B0F48B4}.Debug|Any CPU.ActiveCfg = Debug|Any CPU
		{AFB5D3F9-64ED-43BC-A22C-19743B0F48B4}.Debug|Any CPU.Build.0 = Debug|Any CPU
		{AFB5D3F9-64ED-43BC-A22C-19743B0F48B4}.Debug|x64.ActiveCfg = Debug|Any CPU
		{AFB5D3F9-64ED-43BC-A22C-19743B0F48B4}.Debug|x64.Build.0 = Debug|Any CPU
		{AFB5D3F9-64ED-43BC-A22C-19743B0F48B4}.Debug|x86.ActiveCfg = Debug|Any CPU
		{AFB5D3F9-64ED-43BC-A22C-19743B0F48B4}.Debug|x86.Build.0 = Debug|Any CPU
		{AFB5D3F9-64ED-43BC-A22C-19743B0F48B4}.Release|Any CPU.ActiveCfg = Release|Any CPU
		{AFB5D3F9-64ED-43BC-A22C-19743B0F48B4}.Release|Any CPU.Build.0 = Release|Any CPU
		{AFB5D3F9-64ED-43BC-A22C-19743B0F48B4}.Release|x64.ActiveCfg = Release|Any CPU
		{AFB5D3F9-64ED-43BC-A22C-19743B0F48B4}.Release|x64.Build.0 = Release|Any CPU
		{AFB5D3F9-64ED-43BC-A22C-19743B0F48B4}.Release|x86.ActiveCfg = Release|Any CPU
		{AFB5D3F9-64ED-43BC-A22C-19743B0F48B4}.Release|x86.Build.0 = Release|Any CPU
		{9572E9DC-9729-4225-9B6B-63E3A778DDED}.Debug|Any CPU.ActiveCfg = Debug|Any CPU
		{9572E9DC-9729-4225-9B6B-63E3A778DDED}.Debug|Any CPU.Build.0 = Debug|Any CPU
		{9572E9DC-9729-4225-9B6B-63E3A778DDED}.Debug|x64.ActiveCfg = Debug|Any CPU
		{9572E9DC-9729-4225-9B6B-63E3A778DDED}.Debug|x64.Build.0 = Debug|Any CPU
		{9572E9DC-9729-4225-9B6B-63E3A778DDED}.Debug|x86.ActiveCfg = Debug|Any CPU
		{9572E9DC-9729-4225-9B6B-63E3A778DDED}.Debug|x86.Build.0 = Debug|Any CPU
		{9572E9DC-9729-4225-9B6B-63E3A778DDED}.Release|Any CPU.ActiveCfg = Release|Any CPU
		{9572E9DC-9729-4225-9B6B-63E3A778DDED}.Release|Any CPU.Build.0 = Release|Any CPU
		{9572E9DC-9729-4225-9B6B-63E3A778DDED}.Release|x64.ActiveCfg = Release|Any CPU
		{9572E9DC-9729-4225-9B6B-63E3A778DDED}.Release|x64.Build.0 = Release|Any CPU
		{9572E9DC-9729-4225-9B6B-63E3A778DDED}.Release|x86.ActiveCfg = Release|Any CPU
		{9572E9DC-9729-4225-9B6B-63E3A778DDED}.Release|x86.Build.0 = Release|Any CPU
		{936282FE-A61F-4255-8DD1-688793F449CA}.Debug|Any CPU.ActiveCfg = Debug|Any CPU
		{936282FE-A61F-4255-8DD1-688793F449CA}.Debug|Any CPU.Build.0 = Debug|Any CPU
		{936282FE-A61F-4255-8DD1-688793F449CA}.Debug|x64.ActiveCfg = Debug|Any CPU
		{936282FE-A61F-4255-8DD1-688793F449CA}.Debug|x64.Build.0 = Debug|Any CPU
		{936282FE-A61F-4255-8DD1-688793F449CA}.Debug|x86.ActiveCfg = Debug|Any CPU
		{936282FE-A61F-4255-8DD1-688793F449CA}.Debug|x86.Build.0 = Debug|Any CPU
		{936282FE-A61F-4255-8DD1-688793F449CA}.Release|Any CPU.ActiveCfg = Release|Any CPU
		{936282FE-A61F-4255-8DD1-688793F449CA}.Release|Any CPU.Build.0 = Release|Any CPU
		{936282FE-A61F-4255-8DD1-688793F449CA}.Release|x64.ActiveCfg = Release|Any CPU
		{936282FE-A61F-4255-8DD1-688793F449CA}.Release|x64.Build.0 = Release|Any CPU
		{936282FE-A61F-4255-8DD1-688793F449CA}.Release|x86.ActiveCfg = Release|Any CPU
		{936282FE-A61F-4255-8DD1-688793F449CA}.Release|x86.Build.0 = Release|Any CPU
		{36B0B338-87F4-4E7F-88F8-F7CB72FF746F}.Debug|Any CPU.ActiveCfg = Debug|Any CPU
		{36B0B338-87F4-4E7F-88F8-F7CB72FF746F}.Debug|Any CPU.Build.0 = Debug|Any CPU
		{36B0B338-87F4-4E7F-88F8-F7CB72FF746F}.Debug|x64.ActiveCfg = Debug|Any CPU
		{36B0B338-87F4-4E7F-88F8-F7CB72FF746F}.Debug|x64.Build.0 = Debug|Any CPU
		{36B0B338-87F4-4E7F-88F8-F7CB72FF746F}.Debug|x86.ActiveCfg = Debug|Any CPU
		{36B0B338-87F4-4E7F-88F8-F7CB72FF746F}.Debug|x86.Build.0 = Debug|Any CPU
		{36B0B338-87F4-4E7F-88F8-F7CB72FF746F}.Release|Any CPU.ActiveCfg = Release|Any CPU
		{36B0B338-87F4-4E7F-88F8-F7CB72FF746F}.Release|Any CPU.Build.0 = Release|Any CPU
		{36B0B338-87F4-4E7F-88F8-F7CB72FF746F}.Release|x64.ActiveCfg = Release|Any CPU
		{36B0B338-87F4-4E7F-88F8-F7CB72FF746F}.Release|x64.Build.0 = Release|Any CPU
		{36B0B338-87F4-4E7F-88F8-F7CB72FF746F}.Release|x86.ActiveCfg = Release|Any CPU
		{36B0B338-87F4-4E7F-88F8-F7CB72FF746F}.Release|x86.Build.0 = Release|Any CPU
		{32447355-9A0E-402F-AE38-962DB3A40CCE}.Debug|Any CPU.ActiveCfg = Debug|Any CPU
		{32447355-9A0E-402F-AE38-962DB3A40CCE}.Debug|Any CPU.Build.0 = Debug|Any CPU
		{32447355-9A0E-402F-AE38-962DB3A40CCE}.Debug|x64.ActiveCfg = Debug|Any CPU
		{32447355-9A0E-402F-AE38-962DB3A40CCE}.Debug|x64.Build.0 = Debug|Any CPU
		{32447355-9A0E-402F-AE38-962DB3A40CCE}.Debug|x86.ActiveCfg = Debug|Any CPU
		{32447355-9A0E-402F-AE38-962DB3A40CCE}.Debug|x86.Build.0 = Debug|Any CPU
		{32447355-9A0E-402F-AE38-962DB3A40CCE}.Release|Any CPU.ActiveCfg = Release|Any CPU
		{32447355-9A0E-402F-AE38-962DB3A40CCE}.Release|Any CPU.Build.0 = Release|Any CPU
		{32447355-9A0E-402F-AE38-962DB3A40CCE}.Release|x64.ActiveCfg = Release|Any CPU
		{32447355-9A0E-402F-AE38-962DB3A40CCE}.Release|x64.Build.0 = Release|Any CPU
		{32447355-9A0E-402F-AE38-962DB3A40CCE}.Release|x86.ActiveCfg = Release|Any CPU
		{32447355-9A0E-402F-AE38-962DB3A40CCE}.Release|x86.Build.0 = Release|Any CPU
	EndGlobalSection
	GlobalSection(SolutionProperties) = preSolution
		HideSolutionNode = FALSE
	EndGlobalSection
	GlobalSection(NestedProjects) = preSolution
		{36B0B338-87F4-4E7F-88F8-F7CB72FF746F} = {808186BE-9BD0-DD1D-D574-36EEAD1E7F8F}
	EndGlobalSection
EndGlobal
